
Microsoft Visual Studio Solution File, Format Version 12.00
# Visual Studio Version 17
VisualStudioVersion = 17.3.32811.315
MinimumVisualStudioVersion = 10.0.40219.1
Project("{FAE04EC0-301F-11D3-BF4B-00C04F79EFBC}") = "aula1", "aula1\aula1.csproj", "{64E21A0E-FDE7-44C2-9FED-CBA1F63323C4}"
EndProject
Global
	GlobalSection(SolutionConfigurationPlatforms) = preSolution
		Debug|Any CPU = Debug|Any CPU
		Release|Any CPU = Release|Any CPU
	EndGlobalSection
	GlobalSection(ProjectConfigurationPlatforms) = postSolution
		{64E21A0E-FDE7-44C2-9FED-CBA1F63323C4}.Debug|Any CPU.ActiveCfg = Debug|Any CPU
		{64E21A0E-FDE7-44C2-9FED-CBA1F63323C4}.Debug|Any CPU.Build.0 = Debug|Any CPU
		{64E21A0E-FDE7-44C2-9FED-CBA1F63323C4}.Release|Any CPU.ActiveCfg = Release|Any CPU
		{64E21A0E-FDE7-44C2-9FED-CBA1F63323C4}.Release|Any CPU.Build.0 = Release|Any CPU
	EndGlobalSection
	GlobalSection(SolutionProperties) = preSolution
		HideSolutionNode = FALSE
	EndGlobalSection
	GlobalSection(ExtensibilityGlobals) = postSolution
		SolutionGuid = {9758CEBA-B32D-4C5B-A436-B1FA519B2F34}
	EndGlobalSection
EndGlobal
